
Microsoft Visual Studio Solution File, Format Version 12.00
# Visual Studio Version 17
VisualStudioVersion = 17.4.33205.214
MinimumVisualStudioVersion = 10.0.40219.1
Project("{FAE04EC0-301F-11D3-BF4B-00C04F79EFBC}") = "SNUBclientFinalProject", "SNUBclientFinalProject.csproj", "{AB9C4DAE-1523-4A8E-A8A8-C4C85E4312A7}"
EndProject
Global
	GlobalSection(SolutionConfigurationPlatforms) = preSolution
		Debug|Any CPU = Debug|Any CPU
		Release|Any CPU = Release|Any CPU
	EndGlobalSection
	GlobalSection(ProjectConfigurationPlatforms) = postSolution
		{AB9C4DAE-1523-4A8E-A8A8-C4C85E4312A7}.Debug|Any CPU.ActiveCfg = Debug|Any CPU
		{AB9C4DAE-1523-4A8E-A8A8-C4C85E4312A7}.Debug|Any CPU.Build.0 = Debug|Any CPU
		{AB9C4DAE-1523-4A8E-A8A8-C4C85E4312A7}.Release|Any CPU.ActiveCfg = Release|Any CPU
		{AB9C4DAE-1523-4A8E-A8A8-C4C85E4312A7}.Release|Any CPU.Build.0 = Release|Any CPU
	EndGlobalSection
	GlobalSection(SolutionProperties) = preSolution
		HideSolutionNode = FALSE
	EndGlobalSection
	GlobalSection(ExtensibilityGlobals) = postSolution
		SolutionGuid = {71AE63C7-AA44-4073-B2B0-C7CAB9B83DF6}
	EndGlobalSection
EndGlobal
